Microsoft Visual Studio Solution File, Format Version 12.00
# Visual Studio Version 17
VisualStudioVersion = 17.1.32210.238
MinimumVisualStudioVersion = 10.0.40219.1
Project("{9A19103F-16F7-4668-BE54-9A1E7A4F7556}") = "Io.Gate.GateApi", "src\Io.Gate.GateApi\Io.Gate.GateApi.csproj", "{93004D1F-E7A9-4B70-9BB0-C6D5EE225DE1}"
EndProject
Project("{FAE04EC0-301F-11D3-BF4B-00C04F79EFBC}") = "GateIOApi", "GateIOApi\GateIOApi.csproj", "{F8050E33-EB22-4BAA-89BE-B5058FCB0742}"
EndProject
Global
	GlobalSection(SolutionConfigurationPlatforms) = preSolution
		Debug|Any CPU = Debug|Any CPU
		Release|Any CPU = Release|Any CPU
	EndGlobalSection
	GlobalSection(ProjectConfigurationPlatforms) = postSolution
		{93004D1F-E7A9-4B70-9BB0-C6D5EE225DE1}.Debug|Any CPU.ActiveCfg = Debug|Any CPU
		{93004D1F-E7A9-4B70-9BB0-C6D5EE225DE1}.Debug|Any CPU.Build.0 = Debug|Any CPU
		{93004D1F-E7A9-4B70-9BB0-C6D5EE225DE1}.Release|Any CPU.ActiveCfg = Release|Any CPU
		{93004D1F-E7A9-4B70-9BB0-C6D5EE225DE1}.Release|Any CPU.Build.0 = Release|Any CPU
		{F8050E33-EB22-4BAA-89BE-B5058FCB0742}.Debug|Any CPU.ActiveCfg = Debug|Any CPU
		{F8050E33-EB22-4BAA-89BE-B5058FCB0742}.Debug|Any CPU.Build.0 = Debug|Any CPU
		{F8050E33-EB22-4BAA-89BE-B5058FCB0742}.Release|Any CPU.ActiveCfg = Release|Any CPU
		{F8050E33-EB22-4BAA-89BE-B5058FCB0742}.Release|Any CPU.Build.0 = Release|Any CPU
	EndGlobalSection
	GlobalSection(SolutionProperties) = preSolution
		HideSolutionNode = FALSE
	EndGlobalSection
	GlobalSection(ExtensibilityGlobals) = postSolution
		SolutionGuid = {B07B47F7-B08C-4306-B454-1B718E8186B2}
	EndGlobalSection
EndGlobal
